
Microsoft Visual Studio Solution File, Format Version 12.00
# Visual Studio Version 17
VisualStudioVersion = 17.0.31903.59
MinimumVisualStudioVersion = 10.0.40219.1
Project("{8BC9CEB8-8B4A-11D0-8D11-00A0C91BC942}") = "Parser", "Parser\Parser.vcxproj", "{18798D7B-A043-4C6B-8DEA-4E26A0D184C5}"
EndProject
Global
	GlobalSection(SolutionConfigurationPlatforms) = preSolution
		Debug|x64 = Debug|x64
		Debug|x86 = Debug|x86
		Release|x64 = Release|x64
		Release|x86 = Release|x86
	EndGlobalSection
	GlobalSection(ProjectConfigurationPlatforms) = postSolution
		{18798D7B-A043-4C6B-8DEA-4E26A0D184C5}.Debug|x64.ActiveCfg = Debug|x64
		{18798D7B-A043-4C6B-8DEA-4E26A0D184C5}.Debug|x64.Build.0 = Debug|x64
		{18798D7B-A043-4C6B-8DEA-4E26A0D184C5}.Debug|x86.ActiveCfg = Debug|Win32
		{18798D7B-A043-4C6B-8DEA-4E26A0D184C5}.Debug|x86.Build.0 = Debug|Win32
		{18798D7B-A043-4C6B-8DEA-4E26A0D184C5}.Release|x64.ActiveCfg = Release|x64
		{18798D7B-A043-4C6B-8DEA-4E26A0D184C5}.Release|x64.Build.0 = Release|x64
		{18798D7B-A043-4C6B-8DEA-4E26A0D184C5}.Release|x86.ActiveCfg = Release|Win32
		{18798D7B-A043-4C6B-8DEA-4E26A0D184C5}.Release|x86.Build.0 = Release|Win32
	EndGlobalSection
	GlobalSection(SolutionProperties) = preSolution
		HideSolutionNode = FALSE
	EndGlobalSection
	GlobalSection(ExtensibilityGlobals) = postSolution
		SolutionGuid = {5343C987-A844-4CEB-92B7-5ECC7FF87086}
	EndGlobalSection
EndGlobal
